
Microsoft Visual Studio Solution File, Format Version 12.00
# Visual Studio Version 16
VisualStudioVersion = 16.0.30204.135
MinimumVisualStudioVersion = 10.0.40219.1
Project("{9A19103F-16F7-4668-BE54-9A1E7A4F7556}") = "Ellumination.Combinatorics.Combinatorials", "Ellumination.Combinatorics.Combinatorials\Ellumination.Combinatorics.Combinatorials.csproj", "{BF3932F6-5342-48B4-BE68-B1C06F83930C}"
EndProject
Project("{2150E333-8FDC-42A3-9474-1A3956D46DE8}") = "src", "src", "{CAF87CD2-30B4-41AB-8EE6-8072DAC39984}"
EndProject
Project("{2150E333-8FDC-42A3-9474-1A3956D46DE8}") = "tests", "tests", "{7E9DB36D-CE05-4968-8383-E7D959ED5CED}"
EndProject
Project("{9A19103F-16F7-4668-BE54-9A1E7A4F7556}") = "Test.Ellumination.Combinatorics.Combinatorials", "Test.Ellumination.Combinatorics.Combinatorials\Test.Ellumination.Combinatorics.Combinatorials.csproj", "{D98445F5-2157-406A-B614-8F460B744C5D}"
EndProject
Project("{9A19103F-16F7-4668-BE54-9A1E7A4F7556}") = "Ellumination.Combinatorics.Permutations", "Ellumination.Combinatorics.Permutations\Ellumination.Combinatorics.Permutations.csproj", "{C8FCCFA0-94EE-45BD-8663-C34EE536A167}"
EndProject
Project("{2150E333-8FDC-42A3-9474-1A3956D46DE8}") = ".sln", ".sln", "{156D385A-F476-4783-9D0C-A93C96A4C491}"
	ProjectSection(SolutionItems) = preProject
		Directory.Build.props = Directory.Build.props
		Unit.Testing.props = Unit.Testing.props
	EndProjectSection
EndProject
Project("{9A19103F-16F7-4668-BE54-9A1E7A4F7556}") = "Test.Ellumination.Combinatorics.Permutations", "Test.Ellumination.Combinatorics.Permutations\Test.Ellumination.Combinatorics.Permutations.csproj", "{375C04EA-336D-4C74-AF92-DBF7DAA28056}"
EndProject
Project("{2150E333-8FDC-42A3-9474-1A3956D46DE8}") = ".parent", ".parent", "{A37ED99A-599A-4DB8-BB42-9BD3620B67ED}"
	ProjectSection(SolutionItems) = preProject
		..\CONTRIBUTORS = ..\CONTRIBUTORS
		..\LICENSE = ..\LICENSE
		..\Licensing.props = ..\Licensing.props
		..\README.md = ..\README.md
	EndProjectSection
EndProject
Project("{2150E333-8FDC-42A3-9474-1A3956D46DE8}") = ".nuget", ".nuget", "{A6DAD2D7-DE8C-4756-A884-F09E125736BE}"
	ProjectSection(SolutionItems) = preProject
		NuGet.Config = NuGet.Config
		tools\NuGet\publish.cmd = tools\NuGet\publish.cmd
	EndProjectSection
EndProject
Global
	GlobalSection(SolutionConfigurationPlatforms) = preSolution
		Debug|Any CPU = Debug|Any CPU
		Release|Any CPU = Release|Any CPU
	EndGlobalSection
	GlobalSection(ProjectConfigurationPlatforms) = postSolution
		{BF3932F6-5342-48B4-BE68-B1C06F83930C}.Debug|Any CPU.ActiveCfg = Debug|Any CPU
		{BF3932F6-5342-48B4-BE68-B1C06F83930C}.Debug|Any CPU.Build.0 = Debug|Any CPU
		{BF3932F6-5342-48B4-BE68-B1C06F83930C}.Release|Any CPU.ActiveCfg = Release|Any CPU
		{BF3932F6-5342-48B4-BE68-B1C06F83930C}.Release|Any CPU.Build.0 = Release|Any CPU
		{D98445F5-2157-406A-B614-8F460B744C5D}.Debug|Any CPU.ActiveCfg = Debug|Any CPU
		{D98445F5-2157-406A-B614-8F460B744C5D}.Debug|Any CPU.Build.0 = Debug|Any CPU
		{D98445F5-2157-406A-B614-8F460B744C5D}.Release|Any CPU.ActiveCfg = Release|Any CPU
		{C8FCCFA0-94EE-45BD-8663-C34EE536A167}.Debug|Any CPU.ActiveCfg = Debug|Any CPU
		{C8FCCFA0-94EE-45BD-8663-C34EE536A167}.Debug|Any CPU.Build.0 = Debug|Any CPU
		{C8FCCFA0-94EE-45BD-8663-C34EE536A167}.Release|Any CPU.ActiveCfg = Release|Any CPU
		{C8FCCFA0-94EE-45BD-8663-C34EE536A167}.Release|Any CPU.Build.0 = Release|Any CPU
		{375C04EA-336D-4C74-AF92-DBF7DAA28056}.Debug|Any CPU.ActiveCfg = Debug|Any CPU
		{375C04EA-336D-4C74-AF92-DBF7DAA28056}.Debug|Any CPU.Build.0 = Debug|Any CPU
		{375C04EA-336D-4C74-AF92-DBF7DAA28056}.Release|Any CPU.ActiveCfg = Release|Any CPU
	EndGlobalSection
	GlobalSection(SolutionProperties) = preSolution
		HideSolutionNode = FALSE
	EndGlobalSection
	GlobalSection(NestedProjects) = preSolution
		{BF3932F6-5342-48B4-BE68-B1C06F83930C} = {CAF87CD2-30B4-41AB-8EE6-8072DAC39984}
		{D98445F5-2157-406A-B614-8F460B744C5D} = {7E9DB36D-CE05-4968-8383-E7D959ED5CED}
		{C8FCCFA0-94EE-45BD-8663-C34EE536A167} = {CAF87CD2-30B4-41AB-8EE6-8072DAC39984}
		{375C04EA-336D-4C74-AF92-DBF7DAA28056} = {7E9DB36D-CE05-4968-8383-E7D959ED5CED}
		{A37ED99A-599A-4DB8-BB42-9BD3620B67ED} = {156D385A-F476-4783-9D0C-A93C96A4C491}
	EndGlobalSection
	GlobalSection(ExtensibilityGlobals) = postSolution
		SolutionGuid = {35C9BA11-BD79-440A-9991-4DCF1C8C89BA}
	EndGlobalSection
EndGlobal
